// !$*UTF8*$!
{
	archiveVersion = 1;
	classes = {
	};
	objectVersion = 46;
	objects = {

/* Begin PBXBuildFile section */
		661895891D06CB33009BD6EF /* Interface.storyboard in Resources */ = {isa = PBXBuildFile; fileRef = 661895871D06CB33009BD6EF /* Interface.storyboard */; };
		661895921D06CB34009BD6EF /* com.cashlee.parrotwatch Extension.appex in Embed App Extensions */ = {isa = PBXBuildFile; fileRef = 661895911D06CB34009BD6EF /* com.cashlee.parrotwatch Extension.appex */; settings = {ATTRIBUTES = (RemoveHeadersOnCopy, ); }; };
		661895971D06CB34009BD6EF /* InterfaceController.swift in Sources */ = {isa = PBXBuildFile; fileRef = 661895961D06CB34009BD6EF /* InterfaceController.swift */; };
		661895991D06CB34009BD6EF /* ExtensionDelegate.swift in Sources */ = {isa = PBXBuildFile; fileRef = 661895981D06CB34009BD6EF /* ExtensionDelegate.swift */; };
		6618959B1D06CB34009BD6EF /* Assets.xcassets in Resources */ = {isa = PBXBuildFile; fileRef = 6618959A1D06CB34009BD6EF /* Assets.xcassets */; };
		6618959F1D06CB34009BD6EF /* com.cashlee.parrotwatch.app in Embed Watch Content */ = {isa = PBXBuildFile; fileRef = 661895851D06CB33009BD6EF /* com.cashlee.parrotwatch.app */; };
		66EE34D41D12137400688192 /* Assets.xcassets in Resources */ = {isa = PBXBuildFile; fileRef = 6618959A1D06CB34009BD6EF /* Assets.xcassets */; };
		F828FA6A1C8604150075E867 /* JSDrone.m in Sources */ = {isa = PBXBuildFile; fileRef = F828FA691C8604150075E867 /* JSDrone.m */; };
		F828FA701C8608B90075E867 /* JSVC.m in Sources */ = {isa = PBXBuildFile; fileRef = F828FA6F1C8608B90075E867 /* JSVC.m */; };
		F828FA731C860BEB0075E867 /* JSVideoView.m in Sources */ = {isa = PBXBuildFile; fileRef = F828FA721C860BEB0075E867 /* JSVideoView.m */; };
		F828FA761C86EB630075E867 /* MiniDrone.m in Sources */ = {isa = PBXBuildFile; fileRef = F828FA751C86EB620075E867 /* MiniDrone.m */; };
		F828FA791C86F14C0075E867 /* MiniDroneVC.m in Sources */ = {isa = PBXBuildFile; fileRef = F828FA781C86F14C0075E867 /* MiniDroneVC.m */; };
		F828FA7D1C8729860075E867 /* SkyController.m in Sources */ = {isa = PBXBuildFile; fileRef = F828FA7C1C8729860075E867 /* SkyController.m */; };
		F828FA801C8750070075E867 /* SkyControllerVC.m in Sources */ = {isa = PBXBuildFile; fileRef = F828FA7F1C8750070075E867 /* SkyControllerVC.m */; };
		F8838E571C80874900B49443 /* BebopVideoView.m in Sources */ = {isa = PBXBuildFile; fileRef = F8838E561C80874900B49443 /* BebopVideoView.m */; };
		F8838E691C80A51300B49443 /* SDCardModule.m in Sources */ = {isa = PBXBuildFile; fileRef = F8838E681C80A51200B49443 /* SDCardModule.m */; };
		F8B03D881C7DA4E900149B4F /* main.m in Sources */ = {isa = PBXBuildFile; fileRef = F8B03D871C7DA4E900149B4F /* main.m */; };
		F8B03D8B1C7DA4E900149B4F /* AppDelegate.m in Sources */ = {isa = PBXBuildFile; fileRef = F8B03D8A1C7DA4E900149B4F /* AppDelegate.m */; };
		F8B03D911C7DA4E900149B4F /* Main.storyboard in Resources */ = {isa = PBXBuildFile; fileRef = F8B03D8F1C7DA4E900149B4F /* Main.storyboard */; };
		F8B03D931C7DA4E900149B4F /* Assets.xcassets in Resources */ = {isa = PBXBuildFile; fileRef = F8B03D921C7DA4E900149B4F /* Assets.xcassets */; };
		F8B03D961C7DA4E900149B4F /* LaunchScreen.storyboard in Resources */ = {isa = PBXBuildFile; fileRef = F8B03D941C7DA4E900149B4F /* LaunchScreen.storyboard */; };
		F8B03DBF1C7DA82600149B4F /* DeviceListVC.m in Sources */ = {isa = PBXBuildFile; fileRef = F8B03DBE1C7DA82600149B4F /* DeviceListVC.m */; };
		F8B03DC21C7DA90900149B4F /* BebopVC.m in Sources */ = {isa = PBXBuildFile; fileRef = F8B03DC11C7DA90900149B4F /* BebopVC.m */; };
		F8F74D301C7DC7BE00DC5FA1 /* DroneDiscoverer.m in Sources */ = {isa = PBXBuildFile; fileRef = F8F74D2F1C7DC7BE00DC5FA1 /* DroneDiscoverer.m */; };
		F8F74D441C7DEAB700DC5FA1 /* BebopDrone.m in Sources */ = {isa = PBXBuildFile; fileRef = F8F74D431C7DEAB700DC5FA1 /* BebopDrone.m */; };
/* End PBXBuildFile section */

/* Begin PBXContainerItemProxy section */
		661895931D06CB34009BD6EF /* PBXContainerItemProxy */ = {
			isa = PBXContainerItemProxy;
			containerPortal = F8B03D7B1C7DA4E900149B4F /* Project object */;
			proxyType = 1;
			remoteGlobalIDString = 661895901D06CB34009BD6EF;
			remoteInfo = "com.cashlee.parrotwatch Extension";
		};
		6618959D1D06CB34009BD6EF /* PBXContainerItemProxy */ = {
			isa = PBXContainerItemProxy;
			containerPortal = F8B03D7B1C7DA4E900149B4F /* Project object */;
			proxyType = 1;
			remoteGlobalIDString = 661895841D06CB33009BD6EF;
			remoteInfo = com.cashlee.parrotwatch;
		};
/* End PBXContainerItemProxy section */

/* Begin PBXCopyFilesBuildPhase section */
		661895A41D06CB34009BD6EF /* Embed App Extensions */ = {
			isa = PBXCopyFilesBuildPhase;
			buildActionMask = 2147483647;
			dstPath = "";
			dstSubfolderSpec = 13;
			files = (
				661895921D06CB34009BD6EF /* com.cashlee.parrotwatch Extension.appex in Embed App Extensions */,
			);
			name = "Embed App Extensions";
			runOnlyForDeploymentPostprocessing = 0;
		};
		661895A91D06CB34009BD6EF /* Embed Watch Content */ = {
			isa = PBXCopyFilesBuildPhase;
			buildActionMask = 2147483647;
			dstPath = "$(CONTENTS_FOLDER_PATH)/Watch";
			dstSubfolderSpec = 16;
			files = (
				6618959F1D06CB34009BD6EF /* com.cashlee.parrotwatch.app in Embed Watch Content */,
			);
			name = "Embed Watch Content";
			runOnlyForDeploymentPostprocessing = 0;
		};
/* End PBXCopyFilesBuildPhase section */

/* Begin PBXFileReference section */
		661895851D06CB33009BD6EF /* com.cashlee.parrotwatch.app */ = {isa = PBXFileReference; explicitFileType = wrapper.application; includeInIndex = 0; path = com.cashlee.parrotwatch.app; sourceTree = BUILT_PRODUCTS_DIR; };
		661895881D06CB33009BD6EF /* Base */ = {isa = PBXFileReference; lastKnownFileType = file.storyboard; name = Base; path = Base.lproj/Interface.storyboard; sourceTree = "<group>"; };
		6618958C1D06CB33009BD6EF /* Info.plist */ = {isa = PBXFileReference; lastKnownFileType = text.plist.xml; path = Info.plist; sourceTree = "<group>"; };
		661895911D06CB34009BD6EF /* com.cashlee.parrotwatch Extension.appex */ = {isa = PBXFileReference; explicitFileType = "wrapper.app-extension"; includeInIndex = 0; path = "com.cashlee.parrotwatch Extension.appex"; sourceTree = BUILT_PRODUCTS_DIR; };
		661895961D06CB34009BD6EF /* InterfaceController.swift */ = {isa = PBXFileReference; lastKnownFileType = sourcecode.swift; path = InterfaceController.swift; sourceTree = "<group>"; };
		661895981D06CB34009BD6EF /* ExtensionDelegate.swift */ = {isa = PBXFileReference; lastKnownFileType = sourcecode.swift; path = ExtensionDelegate.swift; sourceTree = "<group>"; };
		6618959A1D06CB34009BD6EF /* Assets.xcassets */ = {isa = PBXFileReference; lastKnownFileType = folder.assetcatalog; path = Assets.xcassets; sourceTree = "<group>"; };
		6618959C1D06CB34009BD6EF /* Info.plist */ = {isa = PBXFileReference; lastKnownFileType = text.plist.xml; path = Info.plist; sourceTree = "<group>"; };
		F828FA681C8604150075E867 /* JSDrone.h */ = {isa = PBXFileReference; fileEncoding = 4; lastKnownFileType = sourcecode.c.h; name = JSDrone.h; path = Drones/JSDrone.h; sourceTree = "<group>"; };
		F828FA691C8604150075E867 /* JSDrone.m */ = {isa = PBXFileReference; fileEncoding = 4; lastKnownFileType = sourcecode.c.objc; name = JSDrone.m; path = Drones/JSDrone.m; sourceTree = "<group>"; };
		F828FA6E1C8608B90075E867 /* JSVC.h */ = {isa = PBXFileReference; fileEncoding = 4; lastKnownFileType = sourcecode.c.h; name = JSVC.h; path = ViewControllers/JSVC.h; sourceTree = "<group>"; };
		F828FA6F1C8608B90075E867 /* JSVC.m */ = {isa = PBXFileReference; fileEncoding = 4; lastKnownFileType = sourcecode.c.objc; name = JSVC.m; path = ViewControllers/JSVC.m; sourceTree = "<group>"; };
		F828FA711C860BEB0075E867 /* JSVideoView.h */ = {isa = PBXFileReference; fileEncoding = 4; lastKnownFileType = sourcecode.c.h; name = JSVideoView.h; path = Views/JSVideoView.h; sourceTree = "<group>"; };
		F828FA721C860BEB0075E867 /* JSVideoView.m */ = {isa = PBXFileReference; fileEncoding = 4; lastKnownFileType = sourcecode.c.objc; name = JSVideoView.m; path = Views/JSVideoView.m; sourceTree = "<group>"; };
		F828FA741C86EB620075E867 /* MiniDrone.h */ = {isa = PBXFileReference; fileEncoding = 4; lastKnownFileType = sourcecode.c.h; name = MiniDrone.h; path = Drones/MiniDrone.h; sourceTree = "<group>"; };
		F828FA751C86EB620075E867 /* MiniDrone.m */ = {isa = PBXFileReference; fileEncoding = 4; lastKnownFileType = sourcecode.c.objc; name = MiniDrone.m; path = Drones/MiniDrone.m; sourceTree = "<group>"; };
		F828FA771C86F14C0075E867 /* MiniDroneVC.h */ = {isa = PBXFileReference; fileEncoding = 4; lastKnownFileType = sourcecode.c.h; name = MiniDroneVC.h; path = ViewControllers/MiniDroneVC.h; sourceTree = "<group>"; };
		F828FA781C86F14C0075E867 /* MiniDroneVC.m */ = {isa = PBXFileReference; fileEncoding = 4; lastKnownFileType = sourcecode.c.objc; name = MiniDroneVC.m; path = ViewControllers/MiniDroneVC.m; sourceTree = "<group>"; };
		F828FA7B1C8729860075E867 /* SkyController.h */ = {isa = PBXFileReference; fileEncoding = 4; lastKnownFileType = sourcecode.c.h; name = SkyController.h; path = Drones/SkyController.h; sourceTree = "<group>"; };
		F828FA7C1C8729860075E867 /* SkyController.m */ = {isa = PBXFileReference; fileEncoding = 4; lastKnownFileType = sourcecode.c.objc; name = SkyController.m; path = Drones/SkyController.m; sourceTree = "<group>"; };
		F828FA7E1C8750070075E867 /* SkyControllerVC.h */ = {isa = PBXFileReference; fileEncoding = 4; lastKnownFileType = sourcecode.c.h; name = SkyControllerVC.h; path = ViewControllers/SkyControllerVC.h; sourceTree = "<group>"; };
		F828FA7F1C8750070075E867 /* SkyControllerVC.m */ = {isa = PBXFileReference; fileEncoding = 4; lastKnownFileType = sourcecode.c.objc; name = SkyControllerVC.m; path = ViewControllers/SkyControllerVC.m; sourceTree = "<group>"; };
		F8838E551C80874900B49443 /* BebopVideoView.h */ = {isa = PBXFileReference; fileEncoding = 4; lastKnownFileType = sourcecode.c.h; name = BebopVideoView.h; path = Views/BebopVideoView.h; sourceTree = "<group>"; };
		F8838E561C80874900B49443 /* BebopVideoView.m */ = {isa = PBXFileReference; fileEncoding = 4; lastKnownFileType = sourcecode.c.objc; name = BebopVideoView.m; path = Views/BebopVideoView.m; sourceTree = "<group>"; };
		F8838E671C80A51200B49443 /* SDCardModule.h */ = {isa = PBXFileReference; fileEncoding = 4; lastKnownFileType = sourcecode.c.h; name = SDCardModule.h; path = Drones/SDCardModule.h; sourceTree = "<group>"; };
		F8838E681C80A51200B49443 /* SDCardModule.m */ = {isa = PBXFileReference; fileEncoding = 4; lastKnownFileType = sourcecode.c.objc; name = SDCardModule.m; path = Drones/SDCardModule.m; sourceTree = "<group>"; };
		F8B03D831C7DA4E900149B4F /* SDKSample.app */ = {isa = PBXFileReference; explicitFileType = wrapper.application; includeInIndex = 0; path = SDKSample.app; sourceTree = BUILT_PRODUCTS_DIR; };
		F8B03D871C7DA4E900149B4F /* main.m */ = {isa = PBXFileReference; lastKnownFileType = sourcecode.c.objc; path = main.m; sourceTree = "<group>"; };
		F8B03D891C7DA4E900149B4F /* AppDelegate.h */ = {isa = PBXFileReference; lastKnownFileType = sourcecode.c.h; path = AppDelegate.h; sourceTree = "<group>"; };
		F8B03D8A1C7DA4E900149B4F /* AppDelegate.m */ = {isa = PBXFileReference; lastKnownFileType = sourcecode.c.objc; path = AppDelegate.m; sourceTree = "<group>"; };
		F8B03D901C7DA4E900149B4F /* Base */ = {isa = PBXFileReference; lastKnownFileType = file.storyboard; name = Base; path = Base.lproj/Main.storyboard; sourceTree = "<group>"; };
		F8B03D921C7DA4E900149B4F /* Assets.xcassets */ = {isa = PBXFileReference; lastKnownFileType = folder.assetcatalog; path = Assets.xcassets; sourceTree = "<group>"; };
		F8B03D951C7DA4E900149B4F /* Base */ = {isa = PBXFileReference; lastKnownFileType = file.storyboard; name = Base; path = Base.lproj/LaunchScreen.storyboard; sourceTree = "<group>"; };
		F8B03D971C7DA4E900149B4F /* Info.plist */ = {isa = PBXFileReference; lastKnownFileType = text.plist.xml; path = Info.plist; sourceTree = "<group>"; };
		F8B03DBD1C7DA82600149B4F /* DeviceListVC.h */ = {isa = PBXFileReference; fileEncoding = 4; lastKnownFileType = sourcecode.c.h; name = DeviceListVC.h; path = ViewControllers/DeviceListVC.h; sourceTree = "<group>"; };
		F8B03DBE1C7DA82600149B4F /* DeviceListVC.m */ = {isa = PBXFileReference; fileEncoding = 4; lastKnownFileType = sourcecode.c.objc; name = DeviceListVC.m; path = ViewControllers/DeviceListVC.m; sourceTree = "<group>"; };
		F8B03DC01C7DA90900149B4F /* BebopVC.h */ = {isa = PBXFileReference; fileEncoding = 4; lastKnownFileType = sourcecode.c.h; name = BebopVC.h; path = ViewControllers/BebopVC.h; sourceTree = "<group>"; };
		F8B03DC11C7DA90900149B4F /* BebopVC.m */ = {isa = PBXFileReference; fileEncoding = 4; lastKnownFileType = sourcecode.c.objc; name = BebopVC.m; path = ViewControllers/BebopVC.m; sourceTree = "<group>"; };
		F8F74D2E1C7DC7BE00DC5FA1 /* DroneDiscoverer.h */ = {isa = PBXFileReference; fileEncoding = 4; lastKnownFileType = sourcecode.c.h; name = DroneDiscoverer.h; path = Discovery/DroneDiscoverer.h; sourceTree = "<group>"; };
		F8F74D2F1C7DC7BE00DC5FA1 /* DroneDiscoverer.m */ = {isa = PBXFileReference; fileEncoding = 4; lastKnownFileType = sourcecode.c.objc; name = DroneDiscoverer.m; path = Discovery/DroneDiscoverer.m; sourceTree = "<group>"; };
		F8F74D421C7DEAB700DC5FA1 /* BebopDrone.h */ = {isa = PBXFileReference; fileEncoding = 4; lastKnownFileType = sourcecode.c.h; name = BebopDrone.h; path = Drones/BebopDrone.h; sourceTree = "<group>"; };
		F8F74D431C7DEAB700DC5FA1 /* BebopDrone.m */ = {isa = PBXFileReference; fileEncoding = 4; lastKnownFileType = sourcecode.c.objc; name = BebopDrone.m; path = Drones/BebopDrone.m; sourceTree = "<group>"; };
/* End PBXFileReference section */

/* Begin PBXFrameworksBuildPhase section */
		6618958E1D06CB34009BD6EF /* Frameworks */ = {
			isa = PBXFrameworksBuildPhase;
			buildActionMask = 2147483647;
			files = (
			);
			runOnlyForDeploymentPostprocessing = 0;
		};
		F8B03D801C7DA4E900149B4F /* Frameworks */ = {
			isa = PBXFrameworksBuildPhase;
			buildActionMask = 2147483647;
			files = (
			);
			runOnlyForDeploymentPostprocessing = 0;
		};
/* End PBXFrameworksBuildPhase section */

/* Begin PBXGroup section */
		661895861D06CB33009BD6EF /* com.cashlee.parrotwatch */ = {
			isa = PBXGroup;
			children = (
				661895871D06CB33009BD6EF /* Interface.storyboard */,
				6618958C1D06CB33009BD6EF /* Info.plist */,
			);
			path = com.cashlee.parrotwatch;
			sourceTree = "<group>";
		};
		661895951D06CB34009BD6EF /* com.cashlee.parrotwatch Extension */ = {
			isa = PBXGroup;
			children = (
				661895961D06CB34009BD6EF /* InterfaceController.swift */,
				661895981D06CB34009BD6EF /* ExtensionDelegate.swift */,
				6618959A1D06CB34009BD6EF /* Assets.xcassets */,
				6618959C1D06CB34009BD6EF /* Info.plist */,
			);
			path = "com.cashlee.parrotwatch Extension";
			sourceTree = "<group>";
		};
		F8B03D7A1C7DA4E900149B4F = {
			isa = PBXGroup;
			children = (
				F8B03D851C7DA4E900149B4F /* SDKSample */,
				661895861D06CB33009BD6EF /* com.cashlee.parrotwatch */,
				661895951D06CB34009BD6EF /* com.cashlee.parrotwatch Extension */,
				F8B03D841C7DA4E900149B4F /* Products */,
			);
			sourceTree = "<group>";
		};
		F8B03D841C7DA4E900149B4F /* Products */ = {
			isa = PBXGroup;
			children = (
				F8B03D831C7DA4E900149B4F /* SDKSample.app */,
				661895851D06CB33009BD6EF /* com.cashlee.parrotwatch.app */,
				661895911D06CB34009BD6EF /* com.cashlee.parrotwatch Extension.appex */,
			);
			name = Products;
			sourceTree = "<group>";
		};
		F8B03D851C7DA4E900149B4F /* SDKSample */ = {
			isa = PBXGroup;
			children = (
				F8B03DBC1C7DA7CE00149B4F /* Views */,
				F8B03DBB1C7DA7C400149B4F /* Discovery */,
				F8B03DBA1C7DA7BE00149B4F /* Drones */,
				F8B03DB91C7DA7B500149B4F /* ViewControllers */,
				F8B03D891C7DA4E900149B4F /* AppDelegate.h */,
				F8B03D8A1C7DA4E900149B4F /* AppDelegate.m */,
				F8B03D8F1C7DA4E900149B4F /* Main.storyboard */,
				F8B03D921C7DA4E900149B4F /* Assets.xcassets */,
				F8B03D941C7DA4E900149B4F /* LaunchScreen.storyboard */,
				F8B03D971C7DA4E900149B4F /* Info.plist */,
				F8B03D861C7DA4E900149B4F /* Supporting Files */,
			);
			path = SDKSample;
			sourceTree = "<group>";
		};
		F8B03D861C7DA4E900149B4F /* Supporting Files */ = {
			isa = PBXGroup;
			children = (
				F8B03D871C7DA4E900149B4F /* main.m */,
			);
			name = "Supporting Files";
			sourceTree = "<group>";
		};
		F8B03DB91C7DA7B500149B4F /* ViewControllers */ = {
			isa = PBXGroup;
			children = (
				F828FA7E1C8750070075E867 /* SkyControllerVC.h */,
				F828FA7F1C8750070075E867 /* SkyControllerVC.m */,
				F828FA771C86F14C0075E867 /* MiniDroneVC.h */,
				F828FA781C86F14C0075E867 /* MiniDroneVC.m */,
				F828FA6E1C8608B90075E867 /* JSVC.h */,
				F828FA6F1C8608B90075E867 /* JSVC.m */,
				F8B03DBD1C7DA82600149B4F /* DeviceListVC.h */,
				F8B03DBE1C7DA82600149B4F /* DeviceListVC.m */,
				F8B03DC01C7DA90900149B4F /* BebopVC.h */,
				F8B03DC11C7DA90900149B4F /* BebopVC.m */,
			);
			name = ViewControllers;
			sourceTree = "<group>";
		};
		F8B03DBA1C7DA7BE00149B4F /* Drones */ = {
			isa = PBXGroup;
			children = (
				F828FA7B1C8729860075E867 /* SkyController.h */,
				F828FA7C1C8729860075E867 /* SkyController.m */,
				F828FA741C86EB620075E867 /* MiniDrone.h */,
				F828FA751C86EB620075E867 /* MiniDrone.m */,
				F828FA681C8604150075E867 /* JSDrone.h */,
				F828FA691C8604150075E867 /* JSDrone.m */,
				F8F74D421C7DEAB700DC5FA1 /* BebopDrone.h */,
				F8F74D431C7DEAB700DC5FA1 /* BebopDrone.m */,
				F8838E671C80A51200B49443 /* SDCardModule.h */,
				F8838E681C80A51200B49443 /* SDCardModule.m */,
			);
			name = Drones;
			sourceTree = "<group>";
		};
		F8B03DBB1C7DA7C400149B4F /* Discovery */ = {
			isa = PBXGroup;
			children = (
				F8F74D2E1C7DC7BE00DC5FA1 /* DroneDiscoverer.h */,
				F8F74D2F1C7DC7BE00DC5FA1 /* DroneDiscoverer.m */,
			);
			name = Discovery;
			sourceTree = "<group>";
		};
		F8B03DBC1C7DA7CE00149B4F /* Views */ = {
			isa = PBXGroup;
			children = (
				F828FA711C860BEB0075E867 /* JSVideoView.h */,
				F828FA721C860BEB0075E867 /* JSVideoView.m */,
				F8838E551C80874900B49443 /* BebopVideoView.h */,
				F8838E561C80874900B49443 /* BebopVideoView.m */,
			);
			name = Views;
			sourceTree = "<group>";
		};
/* End PBXGroup section */

/* Begin PBXNativeTarget section */
		661895841D06CB33009BD6EF /* com.cashlee.parrotwatch */ = {
			isa = PBXNativeTarget;
			buildConfigurationList = 661895A51D06CB34009BD6EF /* Build configuration list for PBXNativeTarget "com.cashlee.parrotwatch" */;
			buildPhases = (
				661895831D06CB33009BD6EF /* Resources */,
				661895A41D06CB34009BD6EF /* Embed App Extensions */,
			);
			buildRules = (
			);
			dependencies = (
				661895941D06CB34009BD6EF /* PBXTargetDependency */,
			);
			name = com.cashlee.parrotwatch;
			productName = com.cashlee.parrotwatch;
			productReference = 661895851D06CB33009BD6EF /* com.cashlee.parrotwatch.app */;
			productType = "com.apple.product-type.application.watchapp2";
		};
		661895901D06CB34009BD6EF /* com.cashlee.parrotwatch Extension */ = {
			isa = PBXNativeTarget;
			buildConfigurationList = 661895A01D06CB34009BD6EF /* Build configuration list for PBXNativeTarget "com.cashlee.parrotwatch Extension" */;
			buildPhases = (
				6618958D1D06CB34009BD6EF /* Sources */,
				6618958E1D06CB34009BD6EF /* Frameworks */,
				6618958F1D06CB34009BD6EF /* Resources */,
			);
			buildRules = (
			);
			dependencies = (
			);
			name = "com.cashlee.parrotwatch Extension";
			productName = "com.cashlee.parrotwatch Extension";
			productReference = 661895911D06CB34009BD6EF /* com.cashlee.parrotwatch Extension.appex */;
			productType = "com.apple.product-type.watchkit2-extension";
		};
		F8B03D821C7DA4E900149B4F /* SDKSample */ = {
			isa = PBXNativeTarget;
			buildConfigurationList = F8B03DB01C7DA4E900149B4F /* Build configuration list for PBXNativeTarget "SDKSample" */;
			buildPhases = (
				F828FA811C8765710075E867 /* ShellScript */,
				F8B03D7F1C7DA4E900149B4F /* Sources */,
				F8B03D801C7DA4E900149B4F /* Frameworks */,
				F8B03D811C7DA4E900149B4F /* Resources */,
				661895A91D06CB34009BD6EF /* Embed Watch Content */,
			);
			buildRules = (
			);
			dependencies = (
				6618959E1D06CB34009BD6EF /* PBXTargetDependency */,
			);
			name = SDKSample;
			productName = SDKSample;
			productReference = F8B03D831C7DA4E900149B4F /* SDKSample.app */;
			productType = "com.apple.product-type.application";
		};
/* End PBXNativeTarget section */

/* Begin PBXProject section */
		F8B03D7B1C7DA4E900149B4F /* Project object */ = {
			isa = PBXProject;
			attributes = {
				LastSwiftUpdateCheck = 0730;
				LastUpgradeCheck = 0800;
				ORGANIZATIONNAME = Parrot;
				TargetAttributes = {
					661895841D06CB33009BD6EF = {
						CreatedOnToolsVersion = 7.3;
						DevelopmentTeam = 4C34FT6ABU;
						DevelopmentTeamName = "Tiago Martinho";
					};
					661895901D06CB34009BD6EF = {
						CreatedOnToolsVersion = 7.3;
						DevelopmentTeam = 4C34FT6ABU;
						DevelopmentTeamName = "Tiago Martinho";
						LastSwiftMigration = 0800;
					};
					F8B03D821C7DA4E900149B4F = {
						CreatedOnToolsVersion = 7.2;
						DevelopmentTeam = 4C34FT6ABU;
						DevelopmentTeamName = "Tiago Martinho";
					};
				};
			};
			buildConfigurationList = F8B03D7E1C7DA4E900149B4F /* Build configuration list for PBXProject "SDKSample" */;
			compatibilityVersion = "Xcode 3.2";
			developmentRegion = English;
			hasScannedForEncodings = 0;
			knownRegions = (
				en,
				Base,
			);
			mainGroup = F8B03D7A1C7DA4E900149B4F;
			productRefGroup = F8B03D841C7DA4E900149B4F /* Products */;
			projectDirPath = "";
			projectRoot = "";
			targets = (
				F8B03D821C7DA4E900149B4F /* SDKSample */,
				661895841D06CB33009BD6EF /* com.cashlee.parrotwatch */,
				661895901D06CB34009BD6EF /* com.cashlee.parrotwatch Extension */,
			);
		};
/* End PBXProject section */

/* Begin PBXResourcesBuildPhase section */
		661895831D06CB33009BD6EF /* Resources */ = {
			isa = PBXResourcesBuildPhase;
			buildActionMask = 2147483647;
			files = (
				66EE34D41D12137400688192 /* Assets.xcassets in Resources */,
				661895891D06CB33009BD6EF /* Interface.storyboard in Resources */,
			);
			runOnlyForDeploymentPostprocessing = 0;
		};
		6618958F1D06CB34009BD6EF /* Resources */ = {
			isa = PBXResourcesBuildPhase;
			buildActionMask = 2147483647;
			files = (
				6618959B1D06CB34009BD6EF /* Assets.xcassets in Resources */,
			);
			runOnlyForDeploymentPostprocessing = 0;
		};
		F8B03D811C7DA4E900149B4F /* Resources */ = {
			isa = PBXResourcesBuildPhase;
			buildActionMask = 2147483647;
			files = (
				F8B03D961C7DA4E900149B4F /* LaunchScreen.storyboard in Resources */,
				F8B03D931C7DA4E900149B4F /* Assets.xcassets in Resources */,
				F8B03D911C7DA4E900149B4F /* Main.storyboard in Resources */,
			);
			runOnlyForDeploymentPostprocessing = 0;
		};
/* End PBXResourcesBuildPhase section */

/* Begin PBXShellScriptBuildPhase section */
		F828FA811C8765710075E867 /* ShellScript */ = {
			isa = PBXShellScriptBuildPhase;
			buildActionMask = 2147483647;
			files = (
			);
			inputPaths = (
			);
			outputPaths = (
			);
			runOnlyForDeploymentPostprocessing = 0;
			shellPath = /bin/sh;
			shellScript = ":<<!\nLATEST_SDK_VERSION='3.9.1'\nSDK_PACKET_NAME='ARSDK3_iOS_3_9_1.zip'\nSDK_DOWNLOAD_ADDRESS=\"https://github.com/Parrot-Developers/arsdk_manifests/releases/download/ARSDK3_version_3_9_1/$SDK_PACKET_NAME\"\n\nPREBUILT_FOLDER_PATH='ARSDK3_iOS'\nSDK_VERSION_FILE='sdk_version.txt'\nVERSION_FILEPATH=\"$PREBUILT_FOLDER_PATH/$SDK_VERSION_FILE\"\nshould_download=YES\n\nif [ \"${CONFIGURATION}\" != \"DebugWithLocalSDK\" ]; then\n    installed_version=$(cat $VERSION_FILEPATH 2>/dev/null)\n\n    if [ x\"$installed_version\" = x\"$LATEST_SDK_VERSION\" ]; then\n        should_download=NO\n    fi\n\n    if [ x\"$should_download\" = xYES ] ; then\n        echo \"Installing the version $LATEST_SDK_VERSION of the ARSDK\"\n\n        #remove current sdk\n        rm -rf $PREBUILT_FOLDER_PATH\n\n        #download and unzip latest sdk\n        wget $SDK_DOWNLOAD_ADDRESS\n        unzip $SDK_PACKET_NAME -d $PREBUILT_FOLDER_PATH\n\n        #write the current version in the version file\n        echo $LATEST_SDK_VERSION > $VERSION_FILEPATH\n\n        #remove downloaded zip file\n        rm $SDK_PACKET_NAME\n    fi\nfi\n!\n";
		};
/* End PBXShellScriptBuildPhase section */

/* Begin PBXSourcesBuildPhase section */
		6618958D1D06CB34009BD6EF /* Sources */ = {
			isa = PBXSourcesBuildPhase;
			buildActionMask = 2147483647;
			files = (
				661895991D06CB34009BD6EF /* ExtensionDelegate.swift in Sources */,
				661895971D06CB34009BD6EF /* InterfaceController.swift in Sources */,
			);
			runOnlyForDeploymentPostprocessing = 0;
		};
		F8B03D7F1C7DA4E900149B4F /* Sources */ = {
			isa = PBXSourcesBuildPhase;
			buildActionMask = 2147483647;
			files = (
				F8838E691C80A51300B49443 /* SDCardModule.m in Sources */,
				F8B03D8B1C7DA4E900149B4F /* AppDelegate.m in Sources */,
				F828FA731C860BEB0075E867 /* JSVideoView.m in Sources */,
				F8B03DC21C7DA90900149B4F /* BebopVC.m in Sources */,
				F8B03D881C7DA4E900149B4F /* main.m in Sources */,
				F8F74D441C7DEAB700DC5FA1 /* BebopDrone.m in Sources */,
				F828FA701C8608B90075E867 /* JSVC.m in Sources */,
				F828FA761C86EB630075E867 /* MiniDrone.m in Sources */,
				F828FA791C86F14C0075E867 /* MiniDroneVC.m in Sources */,
				F828FA6A1C8604150075E867 /* JSDrone.m in Sources */,
				F8B03DBF1C7DA82600149B4F /* DeviceListVC.m in Sources */,
				F828FA801C8750070075E867 /* SkyControllerVC.m in Sources */,
				F8838E571C80874900B49443 /* BebopVideoView.m in Sources */,
				F828FA7D1C8729860075E867 /* SkyController.m in Sources */,
				F8F74D301C7DC7BE00DC5FA1 /* DroneDiscoverer.m in Sources */,
			);
			runOnlyForDeploymentPostprocessing = 0;
		};
/* End PBXSourcesBuildPhase section */

/* Begin PBXTargetDependency section */
		661895941D06CB34009BD6EF /* PBXTargetDependency */ = {
			isa = PBXTargetDependency;
			target = 661895901D06CB34009BD6EF /* com.cashlee.parrotwatch Extension */;
			targetProxy = 661895931D06CB34009BD6EF /* PBXContainerItemProxy */;
		};
		6618959E1D06CB34009BD6EF /* PBXTargetDependency */ = {
			isa = PBXTargetDependency;
			target = 661895841D06CB33009BD6EF /* com.cashlee.parrotwatch */;
			targetProxy = 6618959D1D06CB34009BD6EF /* PBXContainerItemProxy */;
		};
/* End PBXTargetDependency section */

/* Begin PBXVariantGroup section */
		661895871D06CB33009BD6EF /* Interface.storyboard */ = {
			isa = PBXVariantGroup;
			children = (
				661895881D06CB33009BD6EF /* Base */,
			);
			name = Interface.storyboard;
			sourceTree = "<group>";
		};
		F8B03D8F1C7DA4E900149B4F /* Main.storyboard */ = {
			isa = PBXVariantGroup;
			children = (
				F8B03D901C7DA4E900149B4F /* Base */,
			);
			name = Main.storyboard;
			sourceTree = "<group>";
		};
		F8B03D941C7DA4E900149B4F /* LaunchScreen.storyboard */ = {
			isa = PBXVariantGroup;
			children = (
				F8B03D951C7DA4E900149B4F /* Base */,
			);
			name = LaunchScreen.storyboard;
			sourceTree = "<group>";
		};
/* End PBXVariantGroup section */

/* Begin XCBuildConfiguration section */
		661895A11D06CB34009BD6EF /* DebugWithPrecompiledSDK */ = {
			isa = XCBuildConfiguration;
			buildSettings = {
				ALWAYS_SEARCH_USER_PATHS = NO;
				CLANG_ANALYZER_NONNULL = YES;
				CLANG_CXX_LANGUAGE_STANDARD = "gnu++0x";
				CLANG_CXX_LIBRARY = "libc++";
				CLANG_ENABLE_MODULES = YES;
				CLANG_ENABLE_OBJC_ARC = YES;
				CLANG_WARN_BOOL_CONVERSION = YES;
				CLANG_WARN_CONSTANT_CONVERSION = YES;
				CLANG_WARN_DIRECT_OBJC_ISA_USAGE = YES_ERROR;
				CLANG_WARN_EMPTY_BODY = YES;
				CLANG_WARN_ENUM_CONVERSION = YES;
				CLANG_WARN_INT_CONVERSION = YES;
				CLANG_WARN_OBJC_ROOT_CLASS = YES_ERROR;
				CLANG_WARN_UNREACHABLE_CODE = YES;
				CLANG_WARN__DUPLICATE_METHOD_MATCH = YES;
				COPY_PHASE_STRIP = NO;
				DEBUG_INFORMATION_FORMAT = dwarf;
				ENABLE_STRICT_OBJC_MSGSEND = YES;
				ENABLE_TESTABILITY = YES;
				GCC_C_LANGUAGE_STANDARD = gnu99;
				GCC_DYNAMIC_NO_PIC = NO;
				GCC_NO_COMMON_BLOCKS = YES;
				GCC_OPTIMIZATION_LEVEL = 0;
				GCC_PREPROCESSOR_DEFINITIONS = (
					"DEBUG=1",
					"$(inherited)",
				);
				GCC_WARN_64_TO_32_BIT_CONVERSION = YES;
				GCC_WARN_ABOUT_RETURN_TYPE = YES_ERROR;
				GCC_WARN_UNDECLARED_SELECTOR = YES;
				GCC_WARN_UNINITIALIZED_AUTOS = YES_AGGRESSIVE;
				GCC_WARN_UNUSED_FUNCTION = YES;
				GCC_WARN_UNUSED_VARIABLE = YES;
				INFOPLIST_FILE = "com.cashlee.parrotwatch Extension/Info.plist";
				LD_RUNPATH_SEARCH_PATHS = "$(inherited) @executable_path/Frameworks @executable_path/../../Frameworks";
				MTL_ENABLE_DEBUG_INFO = YES;
				ONLY_ACTIVE_ARCH = YES;
				PRODUCT_BUNDLE_IDENTIFIER = com.cashlee.SDKSample.watchkitapp.watchkitextension;
				PRODUCT_NAME = "${TARGET_NAME}";
				SDKROOT = watchos;
				SKIP_INSTALL = YES;
				SWIFT_OPTIMIZATION_LEVEL = "-Onone";
				SWIFT_VERSION = 3.0;
				TARGETED_DEVICE_FAMILY = 4;
				WATCHOS_DEPLOYMENT_TARGET = 2.2;
			};
			name = DebugWithPrecompiledSDK;
		};
		661895A21D06CB34009BD6EF /* DebugWithLocalSDK */ = {
			isa = XCBuildConfiguration;
			buildSettings = {
				ALWAYS_SEARCH_USER_PATHS = NO;
				CLANG_ANALYZER_NONNULL = YES;
				CLANG_CXX_LANGUAGE_STANDARD = "gnu++0x";
				CLANG_CXX_LIBRARY = "libc++";
				CLANG_ENABLE_MODULES = YES;
				CLANG_ENABLE_OBJC_ARC = YES;
				CLANG_WARN_BOOL_CONVERSION = YES;
				CLANG_WARN_CONSTANT_CONVERSION = YES;
				CLANG_WARN_DIRECT_OBJC_ISA_USAGE = YES_ERROR;
				CLANG_WARN_EMPTY_BODY = YES;
				CLANG_WARN_ENUM_CONVERSION = YES;
				CLANG_WARN_INT_CONVERSION = YES;
				CLANG_WARN_OBJC_ROOT_CLASS = YES_ERROR;
				CLANG_WARN_UNREACHABLE_CODE = YES;
				CLANG_WARN__DUPLICATE_METHOD_MATCH = YES;
				COPY_PHASE_STRIP = NO;
				DEBUG_INFORMATION_FORMAT = dwarf;
				ENABLE_STRICT_OBJC_MSGSEND = YES;
				ENABLE_TESTABILITY = YES;
				GCC_C_LANGUAGE_STANDARD = gnu99;
				GCC_DYNAMIC_NO_PIC = NO;
				GCC_NO_COMMON_BLOCKS = YES;
				GCC_OPTIMIZATION_LEVEL = 0;
				GCC_PREPROCESSOR_DEFINITIONS = (
					"DEBUG=1",
					"$(inherited)",
				);
				GCC_WARN_64_TO_32_BIT_CONVERSION = YES;
				GCC_WARN_ABOUT_RETURN_TYPE = YES_ERROR;
				GCC_WARN_UNDECLARED_SELECTOR = YES;
				GCC_WARN_UNINITIALIZED_AUTOS = YES_AGGRESSIVE;
				GCC_WARN_UNUSED_FUNCTION = YES;
				GCC_WARN_UNUSED_VARIABLE = YES;
				INFOPLIST_FILE = "com.cashlee.parrotwatch Extension/Info.plist";
				LD_RUNPATH_SEARCH_PATHS = "$(inherited) @executable_path/Frameworks @executable_path/../../Frameworks";
				MTL_ENABLE_DEBUG_INFO = YES;
				ONLY_ACTIVE_ARCH = YES;
				PRODUCT_BUNDLE_IDENTIFIER = com.cashlee.SDKSample.watchkitapp.watchkitextension;
				PRODUCT_NAME = "${TARGET_NAME}";
				SDKROOT = watchos;
				SKIP_INSTALL = YES;
				SWIFT_OPTIMIZATION_LEVEL = "-Onone";
				SWIFT_VERSION = 3.0;
				TARGETED_DEVICE_FAMILY = 4;
				WATCHOS_DEPLOYMENT_TARGET = 2.2;
			};
			name = DebugWithLocalSDK;
		};
		661895A31D06CB34009BD6EF /* Release */ = {
			isa = XCBuildConfiguration;
			buildSettings = {
				CLANG_ANALYZER_NONNULL = YES;
				INFOPLIST_FILE = "com.cashlee.parrotwatch Extension/Info.plist";
				LD_RUNPATH_SEARCH_PATHS = "$(inherited) @executable_path/Frameworks @executable_path/../../Frameworks";
				PRODUCT_BUNDLE_IDENTIFIER = com.cashlee.SDKSample.watchkitapp.watchkitextension;
				PRODUCT_NAME = "${TARGET_NAME}";
				SDKROOT = watchos;
				SKIP_INSTALL = YES;
				SWIFT_OPTIMIZATION_LEVEL = "-Owholemodule";
				SWIFT_VERSION = 3.0;
				TARGETED_DEVICE_FAMILY = 4;
				WATCHOS_DEPLOYMENT_TARGET = 2.2;
			};
			name = Release;
		};
		661895A61D06CB34009BD6EF /* DebugWithPrecompiledSDK */ = {
			isa = XCBuildConfiguration;
			buildSettings = {
				ALWAYS_EMBED_SWIFT_STANDARD_LIBRARIES = YES;
				ALWAYS_SEARCH_USER_PATHS = NO;
				ASSETCATALOG_COMPILER_APPICON_NAME = WatchAppIcon;
				CLANG_ANALYZER_NONNULL = YES;
				CLANG_CXX_LANGUAGE_STANDARD = "gnu++0x";
				CLANG_CXX_LIBRARY = "libc++";
				CLANG_ENABLE_MODULES = YES;
				CLANG_ENABLE_OBJC_ARC = YES;
				CLANG_WARN_BOOL_CONVERSION = YES;
				CLANG_WARN_CONSTANT_CONVERSION = YES;
				CLANG_WARN_DIRECT_OBJC_ISA_USAGE = YES_ERROR;
				CLANG_WARN_EMPTY_BODY = YES;
				CLANG_WARN_ENUM_CONVERSION = YES;
				CLANG_WARN_INT_CONVERSION = YES;
				CLANG_WARN_OBJC_ROOT_CLASS = YES_ERROR;
				CLANG_WARN_UNREACHABLE_CODE = YES;
				CLANG_WARN__DUPLICATE_METHOD_MATCH = YES;
				COPY_PHASE_STRIP = NO;
				DEBUG_INFORMATION_FORMAT = dwarf;
				ENABLE_STRICT_OBJC_MSGSEND = YES;
				ENABLE_TESTABILITY = YES;
				GCC_C_LANGUAGE_STANDARD = gnu99;
				GCC_DYNAMIC_NO_PIC = NO;
				GCC_NO_COMMON_BLOCKS = YES;
				GCC_OPTIMIZATION_LEVEL = 0;
				GCC_PREPROCESSOR_DEFINITIONS = (
					"DEBUG=1",
					"$(inherited)",
				);
				GCC_WARN_64_TO_32_BIT_CONVERSION = YES;
				GCC_WARN_ABOUT_RETURN_TYPE = YES_ERROR;
				GCC_WARN_UNDECLARED_SELECTOR = YES;
				GCC_WARN_UNINITIALIZED_AUTOS = YES_AGGRESSIVE;
				GCC_WARN_UNUSED_FUNCTION = YES;
				GCC_WARN_UNUSED_VARIABLE = YES;
				IBSC_MODULE = com_cashlee_parrotwatch_Extension;
				INFOPLIST_FILE = com.cashlee.parrotwatch/Info.plist;
				MTL_ENABLE_DEBUG_INFO = YES;
				ONLY_ACTIVE_ARCH = YES;
				PRODUCT_BUNDLE_IDENTIFIER = com.cashlee.SDKSample.watchkitapp;
				PRODUCT_NAME = "$(TARGET_NAME)";
				SDKROOT = watchos;
				SKIP_INSTALL = YES;
				SWIFT_OPTIMIZATION_LEVEL = "-Onone";
				TARGETED_DEVICE_FAMILY = 4;
				WATCHOS_DEPLOYMENT_TARGET = 2.2;
			};
			name = DebugWithPrecompiledSDK;
		};
		661895A71D06CB34009BD6EF /* DebugWithLocalSDK */ = {
			isa = XCBuildConfiguration;
			buildSettings = {
				ALWAYS_EMBED_SWIFT_STANDARD_LIBRARIES = YES;
				ALWAYS_SEARCH_USER_PATHS = NO;
				ASSETCATALOG_COMPILER_APPICON_NAME = WatchAppIcon;
				CLANG_ANALYZER_NONNULL = YES;
				CLANG_CXX_LANGUAGE_STANDARD = "gnu++0x";
				CLANG_CXX_LIBRARY = "libc++";
				CLANG_ENABLE_MODULES = YES;
				CLANG_ENABLE_OBJC_ARC = YES;
				CLANG_WARN_BOOL_CONVERSION = YES;
				CLANG_WARN_CONSTANT_CONVERSION = YES;
				CLANG_WARN_DIRECT_OBJC_ISA_USAGE = YES_ERROR;
				CLANG_WARN_EMPTY_BODY = YES;
				CLANG_WARN_ENUM_CONVERSION = YES;
				CLANG_WARN_INT_CONVERSION = YES;
				CLANG_WARN_OBJC_ROOT_CLASS = YES_ERROR;
				CLANG_WARN_UNREACHABLE_CODE = YES;
				CLANG_WARN__DUPLICATE_METHOD_MATCH = YES;
				COPY_PHASE_STRIP = NO;
				DEBUG_INFORMATION_FORMAT = dwarf;
				ENABLE_STRICT_OBJC_MSGSEND = YES;
				ENABLE_TESTABILITY = YES;
				GCC_C_LANGUAGE_STANDARD = gnu99;
				GCC_DYNAMIC_NO_PIC = NO;
				GCC_NO_COMMON_BLOCKS = YES;
				GCC_OPTIMIZATION_LEVEL = 0;
				GCC_PREPROCESSOR_DEFINITIONS = (
					"DEBUG=1",
					"$(inherited)",
				);
				GCC_WARN_64_TO_32_BIT_CONVERSION = YES;
				GCC_WARN_ABOUT_RETURN_TYPE = YES_ERROR;
				GCC_WARN_UNDECLARED_SELECTOR = YES;
				GCC_WARN_UNINITIALIZED_AUTOS = YES_AGGRESSIVE;
				GCC_WARN_UNUSED_FUNCTION = YES;
				GCC_WARN_UNUSED_VARIABLE = YES;
				IBSC_MODULE = com_cashlee_parrotwatch_Extension;
				INFOPLIST_FILE = com.cashlee.parrotwatch/Info.plist;
				MTL_ENABLE_DEBUG_INFO = YES;
				ONLY_ACTIVE_ARCH = YES;
				PRODUCT_BUNDLE_IDENTIFIER = com.cashlee.SDKSample.watchkitapp;
				PRODUCT_NAME = "$(TARGET_NAME)";
				SDKROOT = watchos;
				SKIP_INSTALL = YES;
				SWIFT_OPTIMIZATION_LEVEL = "-Onone";
				TARGETED_DEVICE_FAMILY = 4;
				WATCHOS_DEPLOYMENT_TARGET = 2.2;
			};
			name = DebugWithLocalSDK;
		};
		661895A81D06CB34009BD6EF /* Release */ = {
			isa = XCBuildConfiguration;
			buildSettings = {
				ALWAYS_EMBED_SWIFT_STANDARD_LIBRARIES = YES;
				ASSETCATALOG_COMPILER_APPICON_NAME = WatchAppIcon;
				CLANG_ANALYZER_NONNULL = YES;
				IBSC_MODULE = com_cashlee_parrotwatch_Extension;
				INFOPLIST_FILE = com.cashlee.parrotwatch/Info.plist;
				PRODUCT_BUNDLE_IDENTIFIER = com.cashlee.SDKSample.watchkitapp;
				PRODUCT_NAME = "$(TARGET_NAME)";
				SDKROOT = watchos;
				SKIP_INSTALL = YES;
				TARGETED_DEVICE_FAMILY = 4;
				WATCHOS_DEPLOYMENT_TARGET = 2.2;
			};
			name = Release;
		};
		F828FA821C8770830075E867 /* DebugWithLocalSDK */ = {
			isa = XCBuildConfiguration;
			buildSettings = {
				ALWAYS_SEARCH_USER_PATHS = NO;
				CLANG_CXX_LANGUAGE_STANDARD = "gnu++0x";
				CLANG_CXX_LIBRARY = "libc++";
				CLANG_ENABLE_MODULES = YES;
				CLANG_ENABLE_OBJC_ARC = YES;
				CLANG_WARN_BOOL_CONVERSION = YES;
				CLANG_WARN_CONSTANT_CONVERSION = YES;
				CLANG_WARN_DIRECT_OBJC_ISA_USAGE = YES_ERROR;
				CLANG_WARN_EMPTY_BODY = YES;
				CLANG_WARN_ENUM_CONVERSION = YES;
				CLANG_WARN_INT_CONVERSION = YES;
				CLANG_WARN_OBJC_ROOT_CLASS = YES_ERROR;
				CLANG_WARN_UNREACHABLE_CODE = YES;
				CLANG_WARN__DUPLICATE_METHOD_MATCH = YES;
				"CODE_SIGN_IDENTITY[sdk=iphoneos*]" = "iPhone Developer";
				COPY_PHASE_STRIP = NO;
				DEBUG_INFORMATION_FORMAT = dwarf;
				ENABLE_STRICT_OBJC_MSGSEND = YES;
				ENABLE_TESTABILITY = YES;
				GCC_C_LANGUAGE_STANDARD = gnu99;
				GCC_DYNAMIC_NO_PIC = NO;
				GCC_NO_COMMON_BLOCKS = YES;
				GCC_OPTIMIZATION_LEVEL = 0;
				GCC_PREPROCESSOR_DEFINITIONS = (
					"DEBUG=1",
					"$(inherited)",
				);
				GCC_WARN_64_TO_32_BIT_CONVERSION = YES;
				GCC_WARN_ABOUT_RETURN_TYPE = YES_ERROR;
				GCC_WARN_UNDECLARED_SELECTOR = YES;
				GCC_WARN_UNINITIALIZED_AUTOS = YES_AGGRESSIVE;
				GCC_WARN_UNUSED_FUNCTION = YES;
				GCC_WARN_UNUSED_VARIABLE = YES;
				IPHONEOS_DEPLOYMENT_TARGET = 8.0;
				MTL_ENABLE_DEBUG_INFO = YES;
				ONLY_ACTIVE_ARCH = YES;
				SDKROOT = iphoneos;
				TARGETED_DEVICE_FAMILY = "1,2";
			};
			name = DebugWithLocalSDK;
		};
		F828FA831C8770830075E867 /* DebugWithLocalSDK */ = {
			isa = XCBuildConfiguration;
			buildSettings = {
				ASSETCATALOG_COMPILER_APPICON_NAME = AppIcon;
				"DEAD_CODE_STRIPPING[arch=*]" = YES;
				ENABLE_BITCODE = NO;
				"HEADER_SEARCH_PATHS[sdk=iphoneos*]" = "../../../../out/iOS-iphoneos/staging/usr/include";
				"HEADER_SEARCH_PATHS[sdk=iphonesimulator*]" = "../../../../out/iOS-iphonesimulator/staging/usr/include";
				INFOPLIST_FILE = SDKSample/Info.plist;
				IPHONEOS_DEPLOYMENT_TARGET = 9.3;
				LD_RUNPATH_SEARCH_PATHS = "$(inherited) @executable_path/Frameworks";
				"LIBRARY_SEARCH_PATHS[sdk=iphoneos*]" = "../../../../out/iOS-iphoneos/staging/usr/lib";
				"LIBRARY_SEARCH_PATHS[sdk=iphonesimulator*]" = "../../../../out/iOS-iphonesimulator/staging/usr/lib";
				OTHER_CFLAGS = "";
				OTHER_LDFLAGS = (
					"-larcommands",
					"-larcontroller",
					"-lardiscovery",
					"-larnetwork",
					"-larnetworkal",
					"-larsal",
					"-larstream",
					"-larstream2",
					"-larmavlink",
					"-ljson",
					"-larmedia",
					"-larutils",
					"-lcurl",
					"-lardatatransfer",
					"-lcrypto",
					"-lz",
					"-lssl",
				);
				PRODUCT_BUNDLE_IDENTIFIER = com.cashlee.SDKSample;
				PRODUCT_NAME = "$(TARGET_NAME)";
			};
			name = DebugWithLocalSDK;
		};
		F8B03DAE1C7DA4E900149B4F /* DebugWithPrecompiledSDK */ = {
			isa = XCBuildConfiguration;
			buildSettings = {
				ALWAYS_SEARCH_USER_PATHS = NO;
				CLANG_CXX_LANGUAGE_STANDARD = "gnu++0x";
				CLANG_CXX_LIBRARY = "libc++";
				CLANG_ENABLE_MODULES = YES;
				CLANG_ENABLE_OBJC_ARC = YES;
				CLANG_WARN_BOOL_CONVERSION = YES;
				CLANG_WARN_CONSTANT_CONVERSION = YES;
				CLANG_WARN_DIRECT_OBJC_ISA_USAGE = YES_ERROR;
				CLANG_WARN_EMPTY_BODY = YES;
				CLANG_WARN_ENUM_CONVERSION = YES;
				CLANG_WARN_INT_CONVERSION = YES;
				CLANG_WARN_OBJC_ROOT_CLASS = YES_ERROR;
				CLANG_WARN_UNREACHABLE_CODE = YES;
				CLANG_WARN__DUPLICATE_METHOD_MATCH = YES;
				"CODE_SIGN_IDENTITY[sdk=iphoneos*]" = "iPhone Developer";
				COPY_PHASE_STRIP = NO;
				DEBUG_INFORMATION_FORMAT = dwarf;
				ENABLE_STRICT_OBJC_MSGSEND = YES;
				ENABLE_TESTABILITY = YES;
				GCC_C_LANGUAGE_STANDARD = gnu99;
				GCC_DYNAMIC_NO_PIC = NO;
				GCC_NO_COMMON_BLOCKS = YES;
				GCC_OPTIMIZATION_LEVEL = 0;
				GCC_PREPROCESSOR_DEFINITIONS = (
					"DEBUG=1",
					"$(inherited)",
				);
				GCC_WARN_64_TO_32_BIT_CONVERSION = YES;
				GCC_WARN_ABOUT_RETURN_TYPE = YES_ERROR;
				GCC_WARN_UNDECLARED_SELECTOR = YES;
				GCC_WARN_UNINITIALIZED_AUTOS = YES_AGGRESSIVE;
				GCC_WARN_UNUSED_FUNCTION = YES;
				GCC_WARN_UNUSED_VARIABLE = YES;
				IPHONEOS_DEPLOYMENT_TARGET = 8.0;
				MTL_ENABLE_DEBUG_INFO = YES;
				ONLY_ACTIVE_ARCH = YES;
				SDKROOT = iphoneos;
				TARGETED_DEVICE_FAMILY = "1,2";
			};
			name = DebugWithPrecompiledSDK;
		};
		F8B03DAF1C7DA4E900149B4F /* Release */ = {
			isa = XCBuildConfiguration;
			buildSettings = {
				ALWAYS_SEARCH_USER_PATHS = NO;
				CLANG_CXX_LANGUAGE_STANDARD = "gnu++0x";
				CLANG_CXX_LIBRARY = "libc++";
				CLANG_ENABLE_MODULES = YES;
				CLANG_ENABLE_OBJC_ARC = YES;
				CLANG_WARN_BOOL_CONVERSION = YES;
				CLANG_WARN_CONSTANT_CONVERSION = YES;
				CLANG_WARN_DIRECT_OBJC_ISA_USAGE = YES_ERROR;
				CLANG_WARN_EMPTY_BODY = YES;
				CLANG_WARN_ENUM_CONVERSION = YES;
				CLANG_WARN_INT_CONVERSION = YES;
				CLANG_WARN_OBJC_ROOT_CLASS = YES_ERROR;
				CLANG_WARN_UNREACHABLE_CODE = YES;
				CLANG_WARN__DUPLICATE_METHOD_MATCH = YES;
				"CODE_SIGN_IDENTITY[sdk=iphoneos*]" = "iPhone Developer";
				COPY_PHASE_STRIP = NO;
				DEBUG_INFORMATION_FORMAT = "dwarf-with-dsym";
				ENABLE_NS_ASSERTIONS = NO;
				ENABLE_STRICT_OBJC_MSGSEND = YES;
				GCC_C_LANGUAGE_STANDARD = gnu99;
				GCC_NO_COMMON_BLOCKS = YES;
				GCC_WARN_64_TO_32_BIT_CONVERSION = YES;
				GCC_WARN_ABOUT_RETURN_TYPE = YES_ERROR;
				GCC_WARN_UNDECLARED_SELECTOR = YES;
				GCC_WARN_UNINITIALIZED_AUTOS = YES_AGGRESSIVE;
				GCC_WARN_UNUSED_FUNCTION = YES;
				GCC_WARN_UNUSED_VARIABLE = YES;
				IPHONEOS_DEPLOYMENT_TARGET = 8.0;
				MTL_ENABLE_DEBUG_INFO = NO;
				SDKROOT = iphoneos;
				TARGETED_DEVICE_FAMILY = "1,2";
				VALIDATE_PRODUCT = YES;
			};
			name = Release;
		};
		F8B03DB11C7DA4E900149B4F /* DebugWithPrecompiledSDK */ = {
			isa = XCBuildConfiguration;
			buildSettings = {
				ASSETCATALOG_COMPILER_APPICON_NAME = AppIcon;
				"DEAD_CODE_STRIPPING[arch=*]" = YES;
				ENABLE_BITCODE = NO;
				"HEADER_SEARCH_PATHS[sdk=iphoneos*]" = "ARSDK3_iOS/iOS-iphoneos/staging/usr/include";
				"HEADER_SEARCH_PATHS[sdk=iphonesimulator*]" = "ARSDK3_iOS/iOS-iphonesimulator/staging/usr/include";
				INFOPLIST_FILE = SDKSample/Info.plist;
				IPHONEOS_DEPLOYMENT_TARGET = 9.3;
				LD_RUNPATH_SEARCH_PATHS = "$(inherited) @executable_path/Frameworks";
				"LIBRARY_SEARCH_PATHS[sdk=iphoneos*]" = "ARSDK3_iOS/iOS-iphoneos/staging/usr/lib";
				"LIBRARY_SEARCH_PATHS[sdk=iphonesimulator*]" = "ARSDK3_iOS/iOS-iphonesimulator/staging/usr/lib";
				OTHER_CFLAGS = "";
				OTHER_LDFLAGS = (
					"-larcommands",
					"-larcontroller",
					"-lardiscovery",
					"-larnetwork",
					"-larnetworkal",
					"-larsal",
					"-larstream",
					"-larstream2",
					"-larmavlink",
					"-ljson",
					"-larmedia",
					"-larutils",
					"-lcurl",
					"-lardatatransfer",
					"-lcrypto",
					"-lz",
					"-lssl",
				);
				PRODUCT_BUNDLE_IDENTIFIER = com.cashlee.SDKSample;
				PRODUCT_NAME = "$(TARGET_NAME)";
			};
			name = DebugWithPrecompiledSDK;
		};
		F8B03DB21C7DA4E900149B4F /* Release */ = {
			isa = XCBuildConfiguration;
			buildSettings = {
				ASSETCATALOG_COMPILER_APPICON_NAME = AppIcon;
				"DEAD_CODE_STRIPPING[arch=*]" = YES;
				ENABLE_BITCODE = NO;
				"HEADER_SEARCH_PATHS[sdk=iphoneos*]" = "ARSDK3_iOS/iOS-iphoneos/staging/usr/include";
				"HEADER_SEARCH_PATHS[sdk=iphonesimulator*]" = "ARSDK3_iOS/iOS-iphonesimulator/staging/usr/include";
				INFOPLIST_FILE = SDKSample/Info.plist;
				IPHONEOS_DEPLOYMENT_TARGET = 9.3;
				LD_RUNPATH_SEARCH_PATHS = "$(inherited) @executable_path/Frameworks";
				"LIBRARY_SEARCH_PATHS[sdk=iphoneos*]" = "ARSDK3_iOS/iOS-iphoneos/staging/usr/lib";
				"LIBRARY_SEARCH_PATHS[sdk=iphonesimulator*]" = "ARSDK3_iOS/iOS-iphonesimulator/staging/usr/lib";
				OTHER_CFLAGS = "";
				OTHER_LDFLAGS = (
					"-larcommands",
					"-larcontroller",
					"-lardiscovery",
					"-larnetwork",
					"-larnetworkal",
					"-larsal",
					"-larstream",
					"-larstream2",
					"-larmavlink",
					"-ljson",
					"-larmedia",
					"-larutils",
					"-lcurl",
					"-lardatatransfer",
					"-lcrypto",
					"-lz",
					"-lssl",
				);
				PRODUCT_BUNDLE_IDENTIFIER = com.cashlee.SDKSample;
				PRODUCT_NAME = "$(TARGET_NAME)";
			};
			name = Release;
		};
/* End XCBuildConfiguration section */

/* Begin XCConfigurationList section */
		661895A01D06CB34009BD6EF /* Build configuration list for PBXNativeTarget "com.cashlee.parrotwatch Extension" */ = {
			isa = XCConfigurationList;
			buildConfigurations = (
				661895A11D06CB34009BD6EF /* DebugWithPrecompiledSDK */,
				661895A21D06CB34009BD6EF /* DebugWithLocalSDK */,
				661895A31D06CB34009BD6EF /* Release */,
			);
			defaultConfigurationIsVisible = 0;
			defaultConfigurationName = Release;
		};
		661895A51D06CB34009BD6EF /* Build configuration list for PBXNativeTarget "com.cashlee.parrotwatch" */ = {
			isa = XCConfigurationList;
			buildConfigurations = (
				661895A61D06CB34009BD6EF /* DebugWithPrecompiledSDK */,
				661895A71D06CB34009BD6EF /* DebugWithLocalSDK */,
				661895A81D06CB34009BD6EF /* Release */,
			);
			defaultConfigurationIsVisible = 0;
			defaultConfigurationName = Release;
		};
		F8B03D7E1C7DA4E900149B4F /* Build configuration list for PBXProject "SDKSample" */ = {
			isa = XCConfigurationList;
			buildConfigurations = (
				F8B03DAE1C7DA4E900149B4F /* DebugWithPrecompiledSDK */,
				F828FA821C8770830075E867 /* DebugWithLocalSDK */,
				F8B03DAF1C7DA4E900149B4F /* Release */,
			);
			defaultConfigurationIsVisible = 0;
			defaultConfigurationName = Release;
		};
		F8B03DB01C7DA4E900149B4F /* Build configuration list for PBXNativeTarget "SDKSample" */ = {
			isa = XCConfigurationList;
			buildConfigurations = (
				F8B03DB11C7DA4E900149B4F /* DebugWithPrecompiledSDK */,
				F828FA831C8770830075E867 /* DebugWithLocalSDK */,
				F8B03DB21C7DA4E900149B4F /* Release */,
			);
			defaultConfigurationIsVisible = 0;
			defaultConfigurationName = Release;
		};
/* End XCConfigurationList section */
	};
	rootObject = F8B03D7B1C7DA4E900149B4F /* Project object */;
}
